<Solution>
  <Folder Name="/src/">
    <Project Path="src/MeowSSH.Core/MeowSSH.Core.csproj" />
    <Project Path="src/MeowSSH.TestHost/MeowSSH.TestHost.csproj" />
    <Project Path="src/MeowSSH.UI/MeowSSH.UI.csproj" />
  </Folder>
  <Folder Name="/tests/">
    <Project Path="tests/MeowSSH.Core.Tests/MeowSSH.Core.Tests.csproj" />
    <Project Path="tests/MeowSSH.Integration.Tests/MeowSSH.Integration.Tests.csproj" />
    <Project Path="tests/MeowSSH.UI.Tests/MeowSSH.UI.Tests.csproj" />
  </Folder>
</Solution>
